
Microsoft Visual Studio Solution File, Format Version 12.00
# Visual Studio Version 17
VisualStudioVersion = 17.12.35506.116 d17.12
MinimumVisualStudioVersion = 10.0.40219.1
Project("{2150E333-8FDC-42A3-9474-1A3956D46DE8}") = "src", "src", "{6B2F664F-A1AE-4C7D-8012-E29972972E6C}"
EndProject
Project("{2150E333-8FDC-42A3-9474-1A3956D46DE8}") = "docker", "docker", "{6E790597-917A-47A3-8606-7F50E9667B72}"
	ProjectSection(SolutionItems) = preProject
		docker\docker-compose.yml = docker\docker-compose.yml
	EndProjectSection
EndProject
Project("{FAE04EC0-301F-11D3-BF4B-00C04F79EFBC}") = "Sample.Hateoas.API", "src\Sample.Hateoas.API\Sample.Hateoas.API.csproj", "{3BAAB1D5-AF12-49D3-82D4-2D65AF123AFB}"
EndProject
Global
	GlobalSection(SolutionConfigurationPlatforms) = preSolution
		Debug|Any CPU = Debug|Any CPU
		Release|Any CPU = Release|Any CPU
	EndGlobalSection
	GlobalSection(ProjectConfigurationPlatforms) = postSolution
		{3BAAB1D5-AF12-49D3-82D4-2D65AF123AFB}.Debug|Any CPU.ActiveCfg = Debug|Any CPU
		{3BAAB1D5-AF12-49D3-82D4-2D65AF123AFB}.Debug|Any CPU.Build.0 = Debug|Any CPU
		{3BAAB1D5-AF12-49D3-82D4-2D65AF123AFB}.Release|Any CPU.ActiveCfg = Release|Any CPU
		{3BAAB1D5-AF12-49D3-82D4-2D65AF123AFB}.Release|Any CPU.Build.0 = Release|Any CPU
	EndGlobalSection
	GlobalSection(SolutionProperties) = preSolution
		HideSolutionNode = FALSE
	EndGlobalSection
	GlobalSection(NestedProjects) = preSolution
		{3BAAB1D5-AF12-49D3-82D4-2D65AF123AFB} = {6B2F664F-A1AE-4C7D-8012-E29972972E6C}
	EndGlobalSection
EndGlobal
